
Microsoft Visual Studio Solution File, Format Version 12.00
# Visual Studio 15
Project("{FAE04EC0-301F-11D3-BF4B-00C04F79EFBC}") = "XamarinClima.Android", "XamarinClima.Android\XamarinClima.Android.csproj", "{1323DA2E-E742-4CBF-9521-9CD0E0373EA8}"
EndProject
Project("{FAE04EC0-301F-11D3-BF4B-00C04F79EFBC}") = "XamarinClima.iOS", "XamarinClima.iOS\XamarinClima.iOS.csproj", "{95472C72-878B-4246-93E8-4FAFFC141B10}"
EndProject
Project("{FAE04EC0-301F-11D3-BF4B-00C04F79EFBC}") = "XamarinClima", "XamarinClima\XamarinClima.csproj", "{5550ADCF-F88F-4A09-91F6-A50944457AC8}"
EndProject
Global
	GlobalSection(SolutionConfigurationPlatforms) = preSolution
		Debug|Any CPU = Debug|Any CPU
		Release|Any CPU = Release|Any CPU
		Debug|iPhoneSimulator = Debug|iPhoneSimulator
		Release|iPhoneSimulator = Release|iPhoneSimulator
		Debug|iPhone = Debug|iPhone
		Release|iPhone = Release|iPhone
	EndGlobalSection
	GlobalSection(ProjectConfigurationPlatforms) = postSolution
		{1323DA2E-E742-4CBF-9521-9CD0E0373EA8}.Debug|Any CPU.ActiveCfg = Debug|Any CPU
		{1323DA2E-E742-4CBF-9521-9CD0E0373EA8}.Debug|Any CPU.Build.0 = Debug|Any CPU
		{1323DA2E-E742-4CBF-9521-9CD0E0373EA8}.Release|Any CPU.ActiveCfg = Release|Any CPU
		{1323DA2E-E742-4CBF-9521-9CD0E0373EA8}.Release|Any CPU.Build.0 = Release|Any CPU
		{1323DA2E-E742-4CBF-9521-9CD0E0373EA8}.Debug|iPhoneSimulator.ActiveCfg = Debug|Any CPU
		{1323DA2E-E742-4CBF-9521-9CD0E0373EA8}.Debug|iPhoneSimulator.Build.0 = Debug|Any CPU
		{1323DA2E-E742-4CBF-9521-9CD0E0373EA8}.Release|iPhoneSimulator.ActiveCfg = Release|Any CPU
		{1323DA2E-E742-4CBF-9521-9CD0E0373EA8}.Release|iPhoneSimulator.Build.0 = Release|Any CPU
		{1323DA2E-E742-4CBF-9521-9CD0E0373EA8}.Debug|iPhone.ActiveCfg = Debug|Any CPU
		{1323DA2E-E742-4CBF-9521-9CD0E0373EA8}.Debug|iPhone.Build.0 = Debug|Any CPU
		{1323DA2E-E742-4CBF-9521-9CD0E0373EA8}.Release|iPhone.ActiveCfg = Release|Any CPU
		{1323DA2E-E742-4CBF-9521-9CD0E0373EA8}.Release|iPhone.Build.0 = Release|Any CPU
		{95472C72-878B-4246-93E8-4FAFFC141B10}.Debug|Any CPU.ActiveCfg = Debug|iPhoneSimulator
		{95472C72-878B-4246-93E8-4FAFFC141B10}.Debug|Any CPU.Build.0 = Debug|iPhoneSimulator
		{95472C72-878B-4246-93E8-4FAFFC141B10}.Release|Any CPU.ActiveCfg = Release|iPhoneSimulator
		{95472C72-878B-4246-93E8-4FAFFC141B10}.Release|Any CPU.Build.0 = Release|iPhoneSimulator
		{95472C72-878B-4246-93E8-4FAFFC141B10}.Debug|iPhoneSimulator.ActiveCfg = Debug|iPhoneSimulator
		{95472C72-878B-4246-93E8-4FAFFC141B10}.Debug|iPhoneSimulator.Build.0 = Debug|iPhoneSimulator
		{95472C72-878B-4246-93E8-4FAFFC141B10}.Release|iPhoneSimulator.ActiveCfg = Release|iPhoneSimulator
		{95472C72-878B-4246-93E8-4FAFFC141B10}.Release|iPhoneSimulator.Build.0 = Release|iPhoneSimulator
		{95472C72-878B-4246-93E8-4FAFFC141B10}.Debug|iPhone.ActiveCfg = Debug|iPhone
		{95472C72-878B-4246-93E8-4FAFFC141B10}.Debug|iPhone.Build.0 = Debug|iPhone
		{95472C72-878B-4246-93E8-4FAFFC141B10}.Release|iPhone.ActiveCfg = Release|iPhone
		{95472C72-878B-4246-93E8-4FAFFC141B10}.Release|iPhone.Build.0 = Release|iPhone
		{5550ADCF-F88F-4A09-91F6-A50944457AC8}.Debug|Any CPU.ActiveCfg = Debug|Any CPU
		{5550ADCF-F88F-4A09-91F6-A50944457AC8}.Debug|Any CPU.Build.0 = Debug|Any CPU
		{5550ADCF-F88F-4A09-91F6-A50944457AC8}.Release|Any CPU.ActiveCfg = Release|Any CPU
		{5550ADCF-F88F-4A09-91F6-A50944457AC8}.Release|Any CPU.Build.0 = Release|Any CPU
		{5550ADCF-F88F-4A09-91F6-A50944457AC8}.Debug|iPhoneSimulator.ActiveCfg = Debug|Any CPU
		{5550ADCF-F88F-4A09-91F6-A50944457AC8}.Debug|iPhoneSimulator.Build.0 = Debug|Any CPU
		{5550ADCF-F88F-4A09-91F6-A50944457AC8}.Release|iPhoneSimulator.ActiveCfg = Release|Any CPU
		{5550ADCF-F88F-4A09-91F6-A50944457AC8}.Release|iPhoneSimulator.Build.0 = Release|Any CPU
		{5550ADCF-F88F-4A09-91F6-A50944457AC8}.Debug|iPhone.ActiveCfg = Debug|Any CPU
		{5550ADCF-F88F-4A09-91F6-A50944457AC8}.Debug|iPhone.Build.0 = Debug|Any CPU
		{5550ADCF-F88F-4A09-91F6-A50944457AC8}.Release|iPhone.ActiveCfg = Release|Any CPU
		{5550ADCF-F88F-4A09-91F6-A50944457AC8}.Release|iPhone.Build.0 = Release|Any CPU
	EndGlobalSection
EndGlobal
